
Microsoft Visual Studio Solution File, Format Version 12.00
# Visual Studio Version 17
VisualStudioVersion = 17.1.32421.90
MinimumVisualStudioVersion = 10.0.40219.1
Project("{FAE04EC0-301F-11D3-BF4B-00C04F79EFBC}") = "TrimDateTimeSeconds", "TrimDateTimeSeconds\TrimDateTimeSeconds.csproj", "{B5431DCB-6147-436A-8067-3DBECAE1D349}"
EndProject
Project("{FAE04EC0-301F-11D3-BF4B-00C04F79EFBC}") = "TrimDateTimeSecondsVs", "TrimDateTimeSecondsVs\TrimDateTimeSecondsVs.csproj", "{BD4ED735-5DA0-42E3-B3B2-E36349DA1237}"
EndProject
Project("{FAE04EC0-301F-11D3-BF4B-00C04F79EFBC}") = "TestProject", "TestProject\TestProject.csproj", "{89F1345D-A06F-4D3C-BFE2-DE4B645FF25F}"
EndProject
Global
	GlobalSection(SolutionConfigurationPlatforms) = preSolution
		Debug|Any CPU = Debug|Any CPU
		Release|Any CPU = Release|Any CPU
	EndGlobalSection
	GlobalSection(ProjectConfigurationPlatforms) = postSolution
		{B5431DCB-6147-436A-8067-3DBECAE1D349}.Debug|Any CPU.ActiveCfg = Debug|Any CPU
		{B5431DCB-6147-436A-8067-3DBECAE1D349}.Debug|Any CPU.Build.0 = Debug|Any CPU
		{B5431DCB-6147-436A-8067-3DBECAE1D349}.Release|Any CPU.ActiveCfg = Release|Any CPU
		{B5431DCB-6147-436A-8067-3DBECAE1D349}.Release|Any CPU.Build.0 = Release|Any CPU
		{BD4ED735-5DA0-42E3-B3B2-E36349DA1237}.Debug|Any CPU.ActiveCfg = Debug|Any CPU
		{BD4ED735-5DA0-42E3-B3B2-E36349DA1237}.Debug|Any CPU.Build.0 = Debug|Any CPU
		{BD4ED735-5DA0-42E3-B3B2-E36349DA1237}.Release|Any CPU.ActiveCfg = Release|Any CPU
		{BD4ED735-5DA0-42E3-B3B2-E36349DA1237}.Release|Any CPU.Build.0 = Release|Any CPU
		{89F1345D-A06F-4D3C-BFE2-DE4B645FF25F}.Debug|Any CPU.ActiveCfg = Debug|Any CPU
		{89F1345D-A06F-4D3C-BFE2-DE4B645FF25F}.Debug|Any CPU.Build.0 = Debug|Any CPU
		{89F1345D-A06F-4D3C-BFE2-DE4B645FF25F}.Release|Any CPU.ActiveCfg = Release|Any CPU
		{89F1345D-A06F-4D3C-BFE2-DE4B645FF25F}.Release|Any CPU.Build.0 = Release|Any CPU
	EndGlobalSection
	GlobalSection(SolutionProperties) = preSolution
		HideSolutionNode = FALSE
	EndGlobalSection
	GlobalSection(ExtensibilityGlobals) = postSolution
		SolutionGuid = {2C7AF60E-CBDA-446A-9509-1EAECFF8E670}
	EndGlobalSection
EndGlobal
